<?xml version="1.0" encoding="utf-8"?>
<Project ToolsVersion="4.0" xmlns="http://schemas.microsoft.com/developer/msbuild/2003">
  <ItemGroup>
    <Filter Include="Input">
      <UniqueIdentifier>{6ee1c0ce-0518-410a-97f4-73e1a6f2b49b}</UniqueIdentifier>
    </Filter>
    <Filter Include="Framework">
      <UniqueIdentifier>{1c60619d-fdb9-4b60-a8d1-72a770244ce2}</UniqueIdentifier>
    </Filter>
    <Filter Include="Scene">
      <UniqueIdentifier>{b364ee3f-72dc-44d3-b8eb-1cfe04a8050a}</UniqueIdentifier>
    </Filter>
    <Filter Include="Header">
      <UniqueIdentifier>{93995380-89BD-4b04-88EB-625FBE52EBFB}</UniqueIdentifier>
      <Extensions>h;hh;hpp;hxx;hm;inl;inc;xsd</Extensions>
    </Filter>
    <Filter Include="Header\Weapon">
      <UniqueIdentifier>{067956b5-d6b8-4626-a524-3b9f1a28de52}</UniqueIdentifier>
    </Filter>
    <Filter Include="Header\Objects">
      <UniqueIdentifier>{a8ceca62-6b59-4b41-bef7-300c59a4bda2}</UniqueIdentifier>
    </Filter>
    <Filter Include="Header\Static Objects">
      <UniqueIdentifier>{c744a0b4-fe48-4b53-89ce-74c3c4d25757}</UniqueIdentifier>
    </Filter>
    <Filter Include="Source">
      <UniqueIdentifier>{4FC737F1-C7A5-4376-A066-2A32D752A2FF}</UniqueIdentifier>
      <Extensions>cpp;c;cc;cxx;def;odl;idl;hpj;bat;asm;asmx</Extensions>
    </Filter>
    <Filter Include="Source\Weapon">
      <UniqueIdentifier>{3351b1db-6c95-47c1-801c-a0fa8c7c4774}</UniqueIdentifier>
    </Filter>
    <Filter Include="Source\Objects">
      <UniqueIdentifier>{2e2764ad-2595-4bd8-9d8c-49b4df24df18}</UniqueIdentifier>
    </Filter>
    <Filter Include="Source\Static Objects">
      <UniqueIdentifier>{e78516a9-cc36-4c01-94ac-c05b13351a44}</UniqueIdentifier>
    </Filter>
  </ItemGroup>
  <ItemGroup>
    <ClInclude Include="Whip.h">
      <Filter>Header\Weapon</Filter>
    </ClInclude>
    <ClInclude Include="define.h">
      <Filter>Header</Filter>
    </ClInclude>
    <ClInclude Include="Weapon.h">
      <Filter>Header\Weapon</Filter>
    </ClInclude>
    <ClInclude Include="Goomba.h">
      <Filter>Header\Objects</Filter>
    </ClInclude>
    <ClInclude Include="Mario.h">
      <Filter>Header\Objects</Filter>
    </ClInclude>
    <ClInclude Include="Simon.h">
      <Filter>Header\Objects</Filter>
    </ClInclude>
    <ClInclude Include="Enemy.h">
      <Filter>Header\Objects</Filter>
    </ClInclude>
    <ClInclude Include="Zombie.h">
      <Filter>Header\Objects</Filter>
    </ClInclude>
    <ClInclude Include="Stairs.h">
      <Filter>Header\Static Objects</Filter>
    </ClInclude>
    <ClInclude Include="Ground.h">
      <Filter>Header\Static Objects</Filter>
    </ClInclude>
    <ClInclude Include="Door.h">
      <Filter>Header\Static Objects</Filter>
    </ClInclude>
    <ClInclude Include="Item.h">
      <Filter>Header\Static Objects</Filter>
    </ClInclude>
    <ClInclude Include="Input.h">
      <Filter>Input</Filter>
    </ClInclude>
    <ClInclude Include="debug.h">
      <Filter>Framework</Filter>
    </ClInclude>
    <ClInclude Include="Game.h">
      <Filter>Framework</Filter>
    </ClInclude>
    <ClInclude Include="GameObject.h">
      <Filter>Framework</Filter>
    </ClInclude>
    <ClInclude Include="LoadFile.h">
      <Filter>Framework</Filter>
    </ClInclude>
    <ClInclude Include="Sprites.h">
      <Filter>Framework</Filter>
    </ClInclude>
    <ClInclude Include="Textures.h">
      <Filter>Framework</Filter>
    </ClInclude>
    <ClInclude Include="Scenes.h">
      <Filter>Scene</Filter>
    </ClInclude>
    <ClInclude Include="tilemap.h">
      <Filter>Scene</Filter>
    </ClInclude>
    <ClInclude Include="Grid.h">
      <Filter>Header</Filter>
    </ClInclude>
  </ItemGroup>
  <ItemGroup>
    <ClCompile Include="main.cpp">
      <Filter>Source</Filter>
    </ClCompile>
    <ClCompile Include="Whip.cpp">
      <Filter>Source\Weapon</Filter>
    </ClCompile>
    <ClCompile Include="Weapon.cpp">
      <Filter>Source\Weapon</Filter>
    </ClCompile>
    <ClCompile Include="Goomba.cpp">
      <Filter>Source\Objects</Filter>
    </ClCompile>
    <ClCompile Include="Mario.cpp">
      <Filter>Source\Objects</Filter>
    </ClCompile>
    <ClCompile Include="Simon.cpp">
      <Filter>Source\Objects</Filter>
    </ClCompile>
    <ClCompile Include="Enemy.cpp">
      <Filter>Source\Objects</Filter>
    </ClCompile>
    <ClCompile Include="Zombie.cpp">
      <Filter>Source\Objects</Filter>
    </ClCompile>
    <ClCompile Include="Stairs.cpp">
      <Filter>Source\Static Objects</Filter>
    </ClCompile>
    <ClCompile Include="Door.cpp">
      <Filter>Source\Static Objects</Filter>
    </ClCompile>
    <ClCompile Include="Ground.cpp">
      <Filter>Source\Static Objects</Filter>
    </ClCompile>
    <ClCompile Include="Item.cpp">
      <Filter>Source\Static Objects</Filter>
    </ClCompile>
    <ClCompile Include="Input.cpp">
      <Filter>Input</Filter>
    </ClCompile>
    <ClCompile Include="debug.cpp">
      <Filter>Framework</Filter>
    </ClCompile>
    <ClCompile Include="Game.cpp">
      <Filter>Framework</Filter>
    </ClCompile>
    <ClCompile Include="GameObject.cpp">
      <Filter>Framework</Filter>
    </ClCompile>
    <ClCompile Include="LoadFile.cpp">
      <Filter>Framework</Filter>
    </ClCompile>
    <ClCompile Include="Sprites.cpp">
      <Filter>Framework</Filter>
    </ClCompile>
    <ClCompile Include="Textures.cpp">
      <Filter>Framework</Filter>
    </ClCompile>
    <ClCompile Include="Scenes.cpp">
      <Filter>Scene</Filter>
    </ClCompile>
    <ClCompile Include="tilemap.cpp">
      <Filter>Scene</Filter>
    </ClCompile>
    <ClCompile Include="Grid.cpp">
      <Filter>Source</Filter>
    </ClCompile>
  </ItemGroup>
</Project>