<?xml version="1.0" encoding="utf-8"?>
<Project ToolsVersion="4.0" xmlns="http://schemas.microsoft.com/developer/msbuild/2003">
  <ItemGroup>
    <Filter Include="Input">
      <UniqueIdentifier>{6ee1c0ce-0518-410a-97f4-73e1a6f2b49b}</UniqueIdentifier>
    </Filter>
    <Filter Include="Framework">
      <UniqueIdentifier>{1c60619d-fdb9-4b60-a8d1-72a770244ce2}</UniqueIdentifier>
    </Filter>
    <Filter Include="Scene">
      <UniqueIdentifier>{b364ee3f-72dc-44d3-b8eb-1cfe04a8050a}</UniqueIdentifier>
    </Filter>
    <Filter Include="Camera">
      <UniqueIdentifier>{6c591322-f5c6-424f-b449-77f1b388cf65}</UniqueIdentifier>
    </Filter>
    <Filter Include="Objects">
      <UniqueIdentifier>{8cd016c3-a571-4b8d-ac05-6abf6188a75d}</UniqueIdentifier>
    </Filter>
    <Filter Include="Objects\Simon">
      <UniqueIdentifier>{324b2cf3-8f17-47ae-bab2-ac0a1610a5e7}</UniqueIdentifier>
    </Filter>
    <Filter Include="Objects\Enemy">
      <UniqueIdentifier>{f89846e1-4d0f-41e0-8dab-30602971fc44}</UniqueIdentifier>
    </Filter>
    <Filter Include="Static Objects">
      <UniqueIdentifier>{c3f58907-e504-472e-a5ef-7a446be65577}</UniqueIdentifier>
    </Filter>
    <Filter Include="Weapon">
      <UniqueIdentifier>{067956b5-d6b8-4626-a524-3b9f1a28de52}</UniqueIdentifier>
    </Filter>
  </ItemGroup>
  <ItemGroup>
    <ClInclude Include="Whip.h">
      <Filter>Weapon</Filter>
    </ClInclude>
    <ClInclude Include="Weapon.h">
      <Filter>Weapon</Filter>
    </ClInclude>
    <ClInclude Include="Input.h">
      <Filter>Input</Filter>
    </ClInclude>
    <ClInclude Include="debug.h">
      <Filter>Framework</Filter>
    </ClInclude>
    <ClInclude Include="Game.h">
      <Filter>Framework</Filter>
    </ClInclude>
    <ClInclude Include="GameObject.h">
      <Filter>Framework</Filter>
    </ClInclude>
    <ClInclude Include="LoadFile.h">
      <Filter>Framework</Filter>
    </ClInclude>
    <ClInclude Include="Sprites.h">
      <Filter>Framework</Filter>
    </ClInclude>
    <ClInclude Include="Textures.h">
      <Filter>Framework</Filter>
    </ClInclude>
    <ClInclude Include="Scenes.h">
      <Filter>Scene</Filter>
    </ClInclude>
    <ClInclude Include="tilemap.h">
      <Filter>Scene</Filter>
    </ClInclude>
    <ClInclude Include="Camera.h">
      <Filter>Camera</Filter>
    </ClInclude>
    <ClInclude Include="Grid.h">
      <Filter>Scene</Filter>
    </ClInclude>
    <ClInclude Include="Simon.h">
      <Filter>Objects\Simon</Filter>
    </ClInclude>
    <ClInclude Include="Enemy.h">
      <Filter>Objects\Enemy</Filter>
    </ClInclude>
    <ClInclude Include="Zombie.h">
      <Filter>Objects\Enemy</Filter>
    </ClInclude>
    <ClInclude Include="Fish.h">
      <Filter>Objects\Enemy</Filter>
    </ClInclude>
    <ClInclude Include="Dog.h">
      <Filter>Objects\Enemy</Filter>
    </ClInclude>
    <ClInclude Include="Door.h">
      <Filter>Static Objects</Filter>
    </ClInclude>
    <ClInclude Include="Ground.h">
      <Filter>Static Objects</Filter>
    </ClInclude>
    <ClInclude Include="Item.h">
      <Filter>Static Objects</Filter>
    </ClInclude>
    <ClInclude Include="define.h" />
    <ClInclude Include="Stair.h">
      <Filter>Static Objects</Filter>
    </ClInclude>
    <ClInclude Include="SupportObject.h">
      <Filter>Static Objects</Filter>
    </ClInclude>
  </ItemGroup>
  <ItemGroup>
    <ClCompile Include="Input.cpp">
      <Filter>Input</Filter>
    </ClCompile>
    <ClCompile Include="debug.cpp">
      <Filter>Framework</Filter>
    </ClCompile>
    <ClCompile Include="Game.cpp">
      <Filter>Framework</Filter>
    </ClCompile>
    <ClCompile Include="GameObject.cpp">
      <Filter>Framework</Filter>
    </ClCompile>
    <ClCompile Include="LoadFile.cpp">
      <Filter>Framework</Filter>
    </ClCompile>
    <ClCompile Include="Sprites.cpp">
      <Filter>Framework</Filter>
    </ClCompile>
    <ClCompile Include="Textures.cpp">
      <Filter>Framework</Filter>
    </ClCompile>
    <ClCompile Include="Scenes.cpp">
      <Filter>Scene</Filter>
    </ClCompile>
    <ClCompile Include="tilemap.cpp">
      <Filter>Scene</Filter>
    </ClCompile>
    <ClCompile Include="Camera.cpp">
      <Filter>Camera</Filter>
    </ClCompile>
    <ClCompile Include="Grid.cpp">
      <Filter>Scene</Filter>
    </ClCompile>
    <ClCompile Include="Simon.cpp">
      <Filter>Objects\Simon</Filter>
    </ClCompile>
    <ClCompile Include="Enemy.cpp">
      <Filter>Objects\Enemy</Filter>
    </ClCompile>
    <ClCompile Include="Zombie.cpp">
      <Filter>Objects\Enemy</Filter>
    </ClCompile>
    <ClCompile Include="Fish.cpp">
      <Filter>Objects\Enemy</Filter>
    </ClCompile>
    <ClCompile Include="Dog.cpp">
      <Filter>Objects\Enemy</Filter>
    </ClCompile>
    <ClCompile Include="Door.cpp">
      <Filter>Static Objects</Filter>
    </ClCompile>
    <ClCompile Include="Ground.cpp">
      <Filter>Static Objects</Filter>
    </ClCompile>
    <ClCompile Include="Item.cpp">
      <Filter>Static Objects</Filter>
    </ClCompile>
    <ClCompile Include="Weapon.cpp">
      <Filter>Weapon</Filter>
    </ClCompile>
    <ClCompile Include="Whip.cpp">
      <Filter>Weapon</Filter>
    </ClCompile>
    <ClCompile Include="main.cpp" />
    <ClCompile Include="Stair.cpp">
      <Filter>Static Objects</Filter>
    </ClCompile>
    <ClCompile Include="SupportObject.cpp">
      <Filter>Static Objects</Filter>
    </ClCompile>
  </ItemGroup>
</Project>